
Microsoft Visual Studio Solution File, Format Version 12.00
# Visual Studio Version 16
VisualStudioVersion = 16.0.31424.327
MinimumVisualStudioVersion = 10.0.40219.1
Project("{9A19103F-16F7-4668-BE54-9A1E7A4F7556}") = "DBStore", "DBStore\DBStore.csproj", "{A30C3F64-1771-477D-9B0D-C0DBB4CAA8D7}"
EndProject
Project("{9A19103F-16F7-4668-BE54-9A1E7A4F7556}") = "ServerAPI", "ServerAPI\ServerAPI.csproj", "{32450E57-703D-410F-8580-EAB498B04B9A}"
EndProject
Project("{9A19103F-16F7-4668-BE54-9A1E7A4F7556}") = "DoAnDesktopClient", "DoAnDesktopClient\DoAnDesktopClient.csproj", "{086F9A01-5A7E-475D-A1AA-DE01851CCBC2}"
EndProject
Project("{9A19103F-16F7-4668-BE54-9A1E7A4F7556}") = "WebUploadDoAn", "WebUploadDoAn\WebUploadDoAn.csproj", "{A62F0AB7-55D3-4CC1-AC1D-69B70E5FCA9D}"
EndProject
Global
	GlobalSection(SolutionConfigurationPlatforms) = preSolution
		Debug|Any CPU = Debug|Any CPU
		Release|Any CPU = Release|Any CPU
	EndGlobalSection
	GlobalSection(ProjectConfigurationPlatforms) = postSolution
		{A30C3F64-1771-477D-9B0D-C0DBB4CAA8D7}.Debug|Any CPU.ActiveCfg = Debug|Any CPU
		{A30C3F64-1771-477D-9B0D-C0DBB4CAA8D7}.Debug|Any CPU.Build.0 = Debug|Any CPU
		{A30C3F64-1771-477D-9B0D-C0DBB4CAA8D7}.Release|Any CPU.ActiveCfg = Release|Any CPU
		{A30C3F64-1771-477D-9B0D-C0DBB4CAA8D7}.Release|Any CPU.Build.0 = Release|Any CPU
		{32450E57-703D-410F-8580-EAB498B04B9A}.Debug|Any CPU.ActiveCfg = Debug|Any CPU
		{32450E57-703D-410F-8580-EAB498B04B9A}.Debug|Any CPU.Build.0 = Debug|Any CPU
		{32450E57-703D-410F-8580-EAB498B04B9A}.Release|Any CPU.ActiveCfg = Release|Any CPU
		{32450E57-703D-410F-8580-EAB498B04B9A}.Release|Any CPU.Build.0 = Release|Any CPU
		{086F9A01-5A7E-475D-A1AA-DE01851CCBC2}.Debug|Any CPU.ActiveCfg = Debug|Any CPU
		{086F9A01-5A7E-475D-A1AA-DE01851CCBC2}.Debug|Any CPU.Build.0 = Debug|Any CPU
		{086F9A01-5A7E-475D-A1AA-DE01851CCBC2}.Release|Any CPU.ActiveCfg = Release|Any CPU
		{086F9A01-5A7E-475D-A1AA-DE01851CCBC2}.Release|Any CPU.Build.0 = Release|Any CPU
		{A62F0AB7-55D3-4CC1-AC1D-69B70E5FCA9D}.Debug|Any CPU.ActiveCfg = Debug|Any CPU
		{A62F0AB7-55D3-4CC1-AC1D-69B70E5FCA9D}.Debug|Any CPU.Build.0 = Debug|Any CPU
		{A62F0AB7-55D3-4CC1-AC1D-69B70E5FCA9D}.Release|Any CPU.ActiveCfg = Release|Any CPU
		{A62F0AB7-55D3-4CC1-AC1D-69B70E5FCA9D}.Release|Any CPU.Build.0 = Release|Any CPU
	EndGlobalSection
	GlobalSection(SolutionProperties) = preSolution
		HideSolutionNode = FALSE
	EndGlobalSection
	GlobalSection(ExtensibilityGlobals) = postSolution
		SolutionGuid = {16A3443E-7E88-420E-B243-7BCFA6B65BF6}
	EndGlobalSection
EndGlobal
